# THIS IS AN AUTOGENERATED FILE. DO NOT EDIT THIS FILE DIRECTLY.
# yarn lockfile v1


"@types/node@*", "@types/node@>=14":
  version "16.4.5"
  resolved "https://registry.yarnpkg.com/@types/node/-/node-16.4.5.tgz#eac95d4e52775190c405f0b9061ddcfb0304f7fc"
  integrity sha512-+0GPv/hIFNoy8r5MFf7vRpBjnqNYNrlHdetoy23E7TYc7JB2ctwyi3GMKpviozaHQ/Sy2kBNUTvG9ywN66zV1g==

"@types/ssh2-streams@*":
  version "0.1.9"
  resolved "https://registry.yarnpkg.com/@types/ssh2-streams/-/ssh2-streams-0.1.9.tgz#8ca51b26f08750a780f82ee75ff18d7160c07a87"
  integrity sha512-I2J9jKqfmvXLR5GomDiCoHrEJ58hAOmFrekfFqmCFd+A6gaEStvWnPykoWUwld1PNg4G5ag1LwdA+Lz1doRJqg==
  dependencies:
    "@types/node" "*"

"@types/ssh2@^0.5.47":
  version "0.5.47"
  resolved "https://registry.yarnpkg.com/@types/ssh2/-/ssh2-0.5.47.tgz#67a8b35a0527b2bb668f6dea4c84be6ff1abdc19"
  integrity sha512-ZhqJg8BRV7OsCi0KVqPr27lUMMmLEeHYw1VXUNGGDlQEDq9HTsKx+wYvi8E6oNC6gRZ7PV99ZMZmMr5vztcYYA==
  dependencies:
    "@types/node" "*"
    "@types/ssh2-streams" "*"

ansi-styles@^4.1.0:
  version "4.3.0"
  resolved "https://registry.yarnpkg.com/ansi-styles/-/ansi-styles-4.3.0.tgz#edd803628ae71c04c85ae7a0906edad34b648937"
  integrity sha512-zbB9rCJAT1rbjiVDb2hqKFHNYLxgtk8NURxZ3IZwD3F6NtxbXZQCnnSi1Lkx+IDohdPlFp222wVALIheZJQSEg==
  dependencies:
    color-convert "^2.0.1"

asn1@~0.2.0:
  version "0.2.4"
  resolved "https://registry.yarnpkg.com/asn1/-/asn1-0.2.4.tgz#8d2475dfab553bb33e77b54e59e880bb8ce23136"
  integrity sha512-jxwzQpLQjSmWXgwaCZE9Nz+glAG01yF1QnWgbhGwHI5A6FRIEY6IVqtHhIepHqI7/kyEyQEagBC5mBEFlIYvdg==
  dependencies:
    safer-buffer "~2.1.0"

bcrypt-pbkdf@^1.0.2:
  version "1.0.2"
  resolved "https://registry.yarnpkg.com/bcrypt-pbkdf/-/bcrypt-pbkdf-1.0.2.tgz#a4301d389b6a43f9b67ff3ca11a3f6637e360e9e"
  integrity sha1-pDAdOJtqQ/m2f/PKEaP2Y342Dp4=
  dependencies:
    tweetnacl "^0.14.3"

blakets@^0.0.0-4:
  version "0.0.0-4"
  resolved "https://registry.yarnpkg.com/blakets/-/blakets-0.0.0-4.tgz#3f574a8bd431a8ac75ac8c913a4143e7f80ff3d3"
  integrity sha512-3PFE71fmj0uxwqgMsq7+T5/hDINCddx3+x6qTrbb6FQUPwjB3+2yup1dKUJQYjC7Y4R3JDiy03TatMIOXiknRw==
  dependencies:
    doge-json ">=1.1.0-3"

chalk@^4.1.2:
  version "4.1.2"
  resolved "https://registry.yarnpkg.com/chalk/-/chalk-4.1.2.tgz#aac4e2b7734a740867aeb16bf02aad556a1e7a01"
  integrity sha512-oKnbhFyRIXpUuez8iBMmyEa4nbj4IOQyuhc/wy9kY7/WVPcwIO9VA668Pu8RkO7+0G76SLROeyw9CpQ061i4mA==
  dependencies:
    ansi-styles "^4.1.0"
    supports-color "^7.1.0"

color-convert@^2.0.1:
  version "2.0.1"
  resolved "https://registry.yarnpkg.com/color-convert/-/color-convert-2.0.1.tgz#72d3a68d598c9bdb3af2ad1e84f21d896abd4de3"
  integrity sha512-RRECPsj7iu/xb5oKYcsFHSppFNnsj/52OVTRKb4zP5onXwVF3zVmmToNcOfGC+CRDpfK/U584fMg38ZHCaElKQ==
  dependencies:
    color-name "~1.1.4"

color-name@~1.1.4:
  version "1.1.4"
  resolved "https://registry.yarnpkg.com/color-name/-/color-name-1.1.4.tgz#c2a09a87acbde69543de6f63fa3995c826c536a2"
  integrity sha512-dOy+3AuW3a2wNbZHIuMZpTcgjGuLU/uBL/ubcZF9OXbDo8ff4O8yVp5Bf0efS8uEoYo5q4Fx7dY9OgQGXgAsQA==

doge-config@^0.3.6:
  version "0.3.6"
  resolved "https://registry.yarnpkg.com/doge-config/-/doge-config-0.3.6.tgz#4d6d92f279e9af805f9218c7663b949d7666e62d"
  integrity sha512-m+tlJpwTgaMFH8DSYAfLsd9M2fT11klDTvCw1pRthaVph+e9oaJRsPorSBBO8iXdvv5xCdZCEBJcXRTmUYt7Lg==
  dependencies:
    doge-json "^1.1.0-3"

doge-json@>=1.1.0-3, doge-json@^1.1.0-3:
  version "1.1.0"
  resolved "https://registry.yarnpkg.com/doge-json/-/doge-json-1.1.0.tgz#5c022a0f15c7f9ca03e3b6b647bb7f9672a4d657"
  integrity sha512-1/op1JG/fE6dkS9WoO28/cAXOyfM/FyaOhylMDIQ+Wzk1R/IwjI8We4erjKoai2cgqJSfaD4QLu+ZXZObVRwUQ==

doge-passwd@^0.1.0-4:
  version "0.1.0-4"
  resolved "https://registry.yarnpkg.com/doge-passwd/-/doge-passwd-0.1.0-4.tgz#3dcba6a69ea831de2e24ffd90fe3e292ecc01888"
  integrity sha512-/G9qV7eC8H3niBspwX9aHDRB0WiJJJkMMv++1dygGrQz7LNJrssx+yfDdkARXqNZlllLBK0Y8sx0i3dvupfDQQ==
  dependencies:
    blakets "^0.0.0-4"

dotenv@^10.0.0:
  version "10.0.0"
  resolved "https://registry.yarnpkg.com/dotenv/-/dotenv-10.0.0.tgz#3d4227b8fb95f81096cdd2b66653fb2c7085ba81"
  integrity sha512-rlBi9d8jpv9Sf1klPjNfFAuWDjKLwTIJJ/VxtoTwIR6hnZxcEOQCZg2oIL3MWBYw5GpUDKOEnND7LXTbIpQ03Q==

has-flag@^4.0.0:
  version "4.0.0"
  resolved "https://registry.yarnpkg.com/has-flag/-/has-flag-4.0.0.tgz#944771fd9c81c81265c4d6941860da06bb59479b"
  integrity sha512-EykJT/Q1KjTWctppgIAgfSO0tKVuZUjhgMr17kqTumMl6Afv3EISleU7qZUzoXDFTAHTDC4NOoG/ZxU3EvlMPQ==

safer-buffer@~2.1.0:
  version "2.1.2"
  resolved "https://registry.yarnpkg.com/safer-buffer/-/safer-buffer-2.1.2.tgz#44fa161b0187b9549dd84bb91802f9bd8385cd6a"
  integrity sha512-YZo3K82SD7Riyi0E1EQPojLz7kpepnSQI9IyPbHHg1XXXevb5dJI7tpyN2ADxGcQbHG7vcyRHk0cbwqcQriUtg==

ssh2-streams@~0.4.10:
  version "0.4.10"
  resolved "https://registry.yarnpkg.com/ssh2-streams/-/ssh2-streams-0.4.10.tgz#48ef7e8a0e39d8f2921c30521d56dacb31d23a34"
  integrity sha512-8pnlMjvnIZJvmTzUIIA5nT4jr2ZWNNVHwyXfMGdRJbug9TpI3kd99ffglgfSWqujVv/0gxwMsDn9j9RVst8yhQ==
  dependencies:
    asn1 "~0.2.0"
    bcrypt-pbkdf "^1.0.2"
    streamsearch "~0.1.2"

ssh2@^0.8.9:
  version "0.8.9"
  resolved "https://registry.yarnpkg.com/ssh2/-/ssh2-0.8.9.tgz#54da3a6c4ba3daf0d8477a538a481326091815f3"
  integrity sha512-GmoNPxWDMkVpMFa9LVVzQZHF6EW3WKmBwL+4/GeILf2hFmix5Isxm7Amamo8o7bHiU0tC+wXsGcUXOxp8ChPaw==
  dependencies:
    ssh2-streams "~0.4.10"

streamsearch@~0.1.2:
  version "0.1.2"
  resolved "https://registry.yarnpkg.com/streamsearch/-/streamsearch-0.1.2.tgz#808b9d0e56fc273d809ba57338e929919a1a9f1a"
  integrity sha1-gIudDlb8Jz2Am6VzOOkpkZoanxo=

supports-color@^7.1.0:
  version "7.2.0"
  resolved "https://registry.yarnpkg.com/supports-color/-/supports-color-7.2.0.tgz#1b7dcdcb32b8138801b3e478ba6a51caa89648da"
  integrity sha512-qpCAvRl9stuOHveKsn7HncJRvv501qIacKzQlO/+Lwxc9+0q2wLyv4Dfvt80/DPn2pqOBsJdDiogXGR9+OvwRw==
  dependencies:
    has-flag "^4.0.0"

tweetnacl@^0.14.3:
  version "0.14.5"
  resolved "https://registry.yarnpkg.com/tweetnacl/-/tweetnacl-0.14.5.tgz#5ae68177f192d4456269d108afa93ff8743f4f64"
  integrity sha1-WuaBd/GS1EViadEIr6k/+HQ/T2Q=
